{
  "nodes": {
    "flake-parts": {
      "inputs": {
        "nixpkgs-lib": [
          "nixpkgs"
        ]
      },
      "locked": {
        "lastModified": 1690933134,
        "narHash": "sha256-ab989mN63fQZBFrkk4Q8bYxQCktuHmBIBqUG1jl6/FQ=",
        "owner": "hercules-ci",
        "repo": "flake-parts",
        "rev": "59cf3f1447cfc75087e7273b04b31e689a8599fb",
        "type": "github"
      },
      "original": {
        "owner": "hercules-ci",
        "repo": "flake-parts",
        "type": "github"
      }
    },
    "nixpkgs": {
      "locked": {
        "lastModified": 1691824818,
        "narHash": "sha256-WZmiiZQd7fJb+8Yppj9YcAM0Oq6DPUadRodnQUcV8MM=",
        "owner": "NixOS",
        "repo": "nixpkgs",
        "rev": "10f0225bdd258fa52cf719bae0d05046cb805ff2",
        "type": "github"
      },
      "original": {
        "owner": "NixOS",
        "ref": "master",
        "repo": "nixpkgs",
        "type": "github"
      }
    },
    "root": {
      "inputs": {
        "flake-parts": "flake-parts",
        "nixpkgs": "nixpkgs",
        "treefmt-nix": "treefmt-nix"
      }
    },
    "treefmt-nix": {
      "inputs": {
        "nixpkgs": [
          "nixpkgs"
        ]
      },
      "locked": {
        "lastModified": 1691824990,
        "narHash": "sha256-6G7X/8wwVW7txaiMp3YOnJgQSBx8odXasOk9BeDU5ag=",
        "owner": "numtide",
        "repo": "treefmt-nix",
        "rev": "bd817ed6d1e2f3d1a929bd40704347f0709da777",
        "type": "github"
      },
      "original": {
        "owner": "numtide",
        "ref": "mypy",
        "repo": "treefmt-nix",
        "type": "github"
      }
    }
  },
  "root": "root",
  "version": 7
}
